
Microsoft Visual Studio Solution File, Format Version 12.00
# Visual Studio Version 16
VisualStudioVersion = 16.0.31729.503
MinimumVisualStudioVersion = 10.0.40219.1
Project("{FAE04EC0-301F-11D3-BF4B-00C04F79EFBC}") = "MannFramework", "MannFramework\MannFramework.csproj", "{A779DEE9-3BB0-46C1-AF8D-4FB9B5474746}"
EndProject
Project("{FAE04EC0-301F-11D3-BF4B-00C04F79EFBC}") = "MannFramework.Tests", "MannFramework.Tests\MannFramework.Tests.csproj", "{0AEC9078-1067-45EB-9455-AEEA82EB127E}"
EndProject
Project("{FAE04EC0-301F-11D3-BF4B-00C04F79EFBC}") = "MannFramework.Application", "MannFramework.Application\MannFramework.Application.csproj", "{B0775555-F466-4232-8B03-200123B0FFDF}"
EndProject
Project("{FAE04EC0-301F-11D3-BF4B-00C04F79EFBC}") = "MannFramework.SocketServer", "MannFramework.SocketServer\MannFramework.SocketServer.csproj", "{6012D25F-B15A-4D53-BE2B-12CE0F6B2508}"
EndProject
Global
	GlobalSection(SolutionConfigurationPlatforms) = preSolution
		Debug|Any CPU = Debug|Any CPU
		Release|Any CPU = Release|Any CPU
	EndGlobalSection
	GlobalSection(ProjectConfigurationPlatforms) = postSolution
		{A779DEE9-3BB0-46C1-AF8D-4FB9B5474746}.Debug|Any CPU.ActiveCfg = Debug|Any CPU
		{A779DEE9-3BB0-46C1-AF8D-4FB9B5474746}.Debug|Any CPU.Build.0 = Debug|Any CPU
		{A779DEE9-3BB0-46C1-AF8D-4FB9B5474746}.Release|Any CPU.ActiveCfg = Release|Any CPU
		{A779DEE9-3BB0-46C1-AF8D-4FB9B5474746}.Release|Any CPU.Build.0 = Release|Any CPU
		{0AEC9078-1067-45EB-9455-AEEA82EB127E}.Debug|Any CPU.ActiveCfg = Debug|Any CPU
		{0AEC9078-1067-45EB-9455-AEEA82EB127E}.Debug|Any CPU.Build.0 = Debug|Any CPU
		{0AEC9078-1067-45EB-9455-AEEA82EB127E}.Release|Any CPU.ActiveCfg = Release|Any CPU
		{0AEC9078-1067-45EB-9455-AEEA82EB127E}.Release|Any CPU.Build.0 = Release|Any CPU
		{B0775555-F466-4232-8B03-200123B0FFDF}.Debug|Any CPU.ActiveCfg = Debug|Any CPU
		{B0775555-F466-4232-8B03-200123B0FFDF}.Debug|Any CPU.Build.0 = Debug|Any CPU
		{B0775555-F466-4232-8B03-200123B0FFDF}.Release|Any CPU.ActiveCfg = Release|Any CPU
		{B0775555-F466-4232-8B03-200123B0FFDF}.Release|Any CPU.Build.0 = Release|Any CPU
		{6012D25F-B15A-4D53-BE2B-12CE0F6B2508}.Debug|Any CPU.ActiveCfg = Debug|Any CPU
		{6012D25F-B15A-4D53-BE2B-12CE0F6B2508}.Debug|Any CPU.Build.0 = Debug|Any CPU
		{6012D25F-B15A-4D53-BE2B-12CE0F6B2508}.Release|Any CPU.ActiveCfg = Release|Any CPU
		{6012D25F-B15A-4D53-BE2B-12CE0F6B2508}.Release|Any CPU.Build.0 = Release|Any CPU
	EndGlobalSection
	GlobalSection(SolutionProperties) = preSolution
		HideSolutionNode = FALSE
	EndGlobalSection
	GlobalSection(ExtensibilityGlobals) = postSolution
		SolutionGuid = {EE14E2F4-FFCB-4FC2-ABCE-878256424AB0}
	EndGlobalSection
EndGlobal
